// !$*UTF8*$!
{
	archiveVersion = 1;
	classes = {
	};
	objectVersion = 56;
	objects = {

/* Begin PBXBuildFile section */
		7FAD17142C93707200945AAF /* CartView.swift in Sources */ = {isa = PBXBuildFile; fileRef = 7FAD17132C93707200945AAF /* CartView.swift */; };
		7FE30C4D2C937FBB0011F8DE /* MainView.swift in Sources */ = {isa = PBXBuildFile; fileRef = 7FE30C4C2C937FBB0011F8DE /* MainView.swift */; };
		7FE30C4F2C93C3EA0011F8DE /* FavoritesView.swift in Sources */ = {isa = PBXBuildFile; fileRef = 7FE30C4E2C93C3EA0011F8DE /* FavoritesView.swift */; };
		7FE30C532C93DE700011F8DE /* ProductView.swift in Sources */ = {isa = PBXBuildFile; fileRef = 7FE30C522C93DE700011F8DE /* ProductView.swift */; };
		7FE30C552C93EE930011F8DE /* ReviewView.swift in Sources */ = {isa = PBXBuildFile; fileRef = 7FE30C542C93EE930011F8DE /* ReviewView.swift */; };
		7FF66BDF2C92835B00482AB7 /* iMarketApp.swift in Sources */ = {isa = PBXBuildFile; fileRef = 7FF66BDE2C92835B00482AB7 /* iMarketApp.swift */; };
		7FF66BE12C92835B00482AB7 /* ContentView.swift in Sources */ = {isa = PBXBuildFile; fileRef = 7FF66BE02C92835B00482AB7 /* ContentView.swift */; };
		7FF66BE32C92835D00482AB7 /* Assets.xcassets in Resources */ = {isa = PBXBuildFile; fileRef = 7FF66BE22C92835D00482AB7 /* Assets.xcassets */; };
		7FF66BE62C92835D00482AB7 /* Preview Assets.xcassets in Resources */ = {isa = PBXBuildFile; fileRef = 7FF66BE52C92835D00482AB7 /* Preview Assets.xcassets */; };
		7FF66BF02C92835D00482AB7 /* iMarketTests.swift in Sources */ = {isa = PBXBuildFile; fileRef = 7FF66BEF2C92835D00482AB7 /* iMarketTests.swift */; };
		7FF66BFA2C92835D00482AB7 /* iMarketUITests.swift in Sources */ = {isa = PBXBuildFile; fileRef = 7FF66BF92C92835D00482AB7 /* iMarketUITests.swift */; };
		7FF66BFC2C92835D00482AB7 /* iMarketUITestsLaunchTests.swift in Sources */ = {isa = PBXBuildFile; fileRef = 7FF66BFB2C92835D00482AB7 /* iMarketUITestsLaunchTests.swift */; };
		7FF66C092C929B0C00482AB7 /* ProductCard.swift in Sources */ = {isa = PBXBuildFile; fileRef = 7FF66C082C929B0C00482AB7 /* ProductCard.swift */; };
/* End PBXBuildFile section */

/* Begin PBXContainerItemProxy section */
		7FF66BEC2C92835D00482AB7 /* PBXContainerItemProxy */ = {
			isa = PBXContainerItemProxy;
			containerPortal = 7FF66BD32C92835B00482AB7 /* Project object */;
			proxyType = 1;
			remoteGlobalIDString = 7FF66BDA2C92835B00482AB7;
			remoteInfo = iMarket;
		};
		7FF66BF62C92835D00482AB7 /* PBXContainerItemProxy */ = {
			isa = PBXContainerItemProxy;
			containerPortal = 7FF66BD32C92835B00482AB7 /* Project object */;
			proxyType = 1;
			remoteGlobalIDString = 7FF66BDA2C92835B00482AB7;
			remoteInfo = iMarket;
		};
/* End PBXContainerItemProxy section */

/* Begin PBXFileReference section */
		7FAD17132C93707200945AAF /* CartView.swift */ = {isa = PBXFileReference; lastKnownFileType = sourcecode.swift; path = CartView.swift; sourceTree = "<group>"; };
		7FE30C4C2C937FBB0011F8DE /* MainView.swift */ = {isa = PBXFileReference; lastKnownFileType = sourcecode.swift; path = MainView.swift; sourceTree = "<group>"; };
		7FE30C4E2C93C3EA0011F8DE /* FavoritesView.swift */ = {isa = PBXFileReference; lastKnownFileType = sourcecode.swift; path = FavoritesView.swift; sourceTree = "<group>"; };
		7FE30C522C93DE700011F8DE /* ProductView.swift */ = {isa = PBXFileReference; lastKnownFileType = sourcecode.swift; path = ProductView.swift; sourceTree = "<group>"; };
		7FE30C542C93EE930011F8DE /* ReviewView.swift */ = {isa = PBXFileReference; lastKnownFileType = sourcecode.swift; path = ReviewView.swift; sourceTree = "<group>"; };
		7FF66BDB2C92835B00482AB7 /* iMarket.app */ = {isa = PBXFileReference; explicitFileType = wrapper.application; includeInIndex = 0; path = iMarket.app; sourceTree = BUILT_PRODUCTS_DIR; };
		7FF66BDE2C92835B00482AB7 /* iMarketApp.swift */ = {isa = PBXFileReference; lastKnownFileType = sourcecode.swift; path = iMarketApp.swift; sourceTree = "<group>"; };
		7FF66BE02C92835B00482AB7 /* ContentView.swift */ = {isa = PBXFileReference; lastKnownFileType = sourcecode.swift; path = ContentView.swift; sourceTree = "<group>"; };
		7FF66BE22C92835D00482AB7 /* Assets.xcassets */ = {isa = PBXFileReference; lastKnownFileType = folder.assetcatalog; path = Assets.xcassets; sourceTree = "<group>"; };
		7FF66BE52C92835D00482AB7 /* Preview Assets.xcassets */ = {isa = PBXFileReference; lastKnownFileType = folder.assetcatalog; path = "Preview Assets.xcassets"; sourceTree = "<group>"; };
		7FF66BEB2C92835D00482AB7 /* iMarketTests.xctest */ = {isa = PBXFileReference; explicitFileType = wrapper.cfbundle; includeInIndex = 0; path = iMarketTests.xctest; sourceTree = BUILT_PRODUCTS_DIR; };
		7FF66BEF2C92835D00482AB7 /* iMarketTests.swift */ = {isa = PBXFileReference; lastKnownFileType = sourcecode.swift; path = iMarketTests.swift; sourceTree = "<group>"; };
		7FF66BF52C92835D00482AB7 /* iMarketUITests.xctest */ = {isa = PBXFileReference; explicitFileType = wrapper.cfbundle; includeInIndex = 0; path = iMarketUITests.xctest; sourceTree = BUILT_PRODUCTS_DIR; };
		7FF66BF92C92835D00482AB7 /* iMarketUITests.swift */ = {isa = PBXFileReference; lastKnownFileType = sourcecode.swift; path = iMarketUITests.swift; sourceTree = "<group>"; };
		7FF66BFB2C92835D00482AB7 /* iMarketUITestsLaunchTests.swift */ = {isa = PBXFileReference; lastKnownFileType = sourcecode.swift; path = iMarketUITestsLaunchTests.swift; sourceTree = "<group>"; };
		7FF66C082C929B0C00482AB7 /* ProductCard.swift */ = {isa = PBXFileReference; lastKnownFileType = sourcecode.swift; path = ProductCard.swift; sourceTree = "<group>"; };
/* End PBXFileReference section */

/* Begin PBXFrameworksBuildPhase section */
		7FF66BD82C92835B00482AB7 /* Frameworks */ = {
			isa = PBXFrameworksBuildPhase;
			buildActionMask = 2147483647;
			files = (
			);
			runOnlyForDeploymentPostprocessing = 0;
		};
		7FF66BE82C92835D00482AB7 /* Frameworks */ = {
			isa = PBXFrameworksBuildPhase;
			buildActionMask = 2147483647;
			files = (
			);
			runOnlyForDeploymentPostprocessing = 0;
		};
		7FF66BF22C92835D00482AB7 /* Frameworks */ = {
			isa = PBXFrameworksBuildPhase;
			buildActionMask = 2147483647;
			files = (
			);
			runOnlyForDeploymentPostprocessing = 0;
		};
/* End PBXFrameworksBuildPhase section */

/* Begin PBXGroup section */
		7FF66BD22C92835B00482AB7 = {
			isa = PBXGroup;
			children = (
				7FF66BDD2C92835B00482AB7 /* iMarket */,
				7FF66BEE2C92835D00482AB7 /* iMarketTests */,
				7FF66BF82C92835D00482AB7 /* iMarketUITests */,
				7FF66BDC2C92835B00482AB7 /* Products */,
			);
			sourceTree = "<group>";
		};
		7FF66BDC2C92835B00482AB7 /* Products */ = {
			isa = PBXGroup;
			children = (
				7FF66BDB2C92835B00482AB7 /* iMarket.app */,
				7FF66BEB2C92835D00482AB7 /* iMarketTests.xctest */,
				7FF66BF52C92835D00482AB7 /* iMarketUITests.xctest */,
			);
			name = Products;
			sourceTree = "<group>";
		};
		7FF66BDD2C92835B00482AB7 /* iMarket */ = {
			isa = PBXGroup;
			children = (
				7FF66BDE2C92835B00482AB7 /* iMarketApp.swift */,
				7FF66BE02C92835B00482AB7 /* ContentView.swift */,
				7FF66BE22C92835D00482AB7 /* Assets.xcassets */,
				7FF66BE42C92835D00482AB7 /* Preview Content */,
				7FF66C082C929B0C00482AB7 /* ProductCard.swift */,
				7FAD17132C93707200945AAF /* CartView.swift */,
				7FE30C4C2C937FBB0011F8DE /* MainView.swift */,
				7FE30C4E2C93C3EA0011F8DE /* FavoritesView.swift */,
				7FE30C522C93DE700011F8DE /* ProductView.swift */,
				7FE30C542C93EE930011F8DE /* ReviewView.swift */,
			);
			path = iMarket;
			sourceTree = "<group>";
		};
		7FF66BE42C92835D00482AB7 /* Preview Content */ = {
			isa = PBXGroup;
			children = (
				7FF66BE52C92835D00482AB7 /* Preview Assets.xcassets */,
			);
			path = "Preview Content";
			sourceTree = "<group>";
		};
		7FF66BEE2C92835D00482AB7 /* iMarketTests */ = {
			isa = PBXGroup;
			children = (
				7FF66BEF2C92835D00482AB7 /* iMarketTests.swift */,
			);
			path = iMarketTests;
			sourceTree = "<group>";
		};
		7FF66BF82C92835D00482AB7 /* iMarketUITests */ = {
			isa = PBXGroup;
			children = (
				7FF66BF92C92835D00482AB7 /* iMarketUITests.swift */,
				7FF66BFB2C92835D00482AB7 /* iMarketUITestsLaunchTests.swift */,
			);
			path = iMarketUITests;
			sourceTree = "<group>";
		};
/* End PBXGroup section */

/* Begin PBXNativeTarget section */
		7FF66BDA2C92835B00482AB7 /* iMarket */ = {
			isa = PBXNativeTarget;
			buildConfigurationList = 7FF66BFF2C92835D00482AB7 /* Build configuration list for PBXNativeTarget "iMarket" */;
			buildPhases = (
				7FF66BD72C92835B00482AB7 /* Sources */,
				7FF66BD82C92835B00482AB7 /* Frameworks */,
				7FF66BD92C92835B00482AB7 /* Resources */,
			);
			buildRules = (
			);
			dependencies = (
			);
			name = iMarket;
			productName = iMarket;
			productReference = 7FF66BDB2C92835B00482AB7 /* iMarket.app */;
			productType = "com.apple.product-type.application";
		};
		7FF66BEA2C92835D00482AB7 /* iMarketTests */ = {
			isa = PBXNativeTarget;
			buildConfigurationList = 7FF66C022C92835D00482AB7 /* Build configuration list for PBXNativeTarget "iMarketTests" */;
			buildPhases = (
				7FF66BE72C92835D00482AB7 /* Sources */,
				7FF66BE82C92835D00482AB7 /* Frameworks */,
				7FF66BE92C92835D00482AB7 /* Resources */,
			);
			buildRules = (
			);
			dependencies = (
				7FF66BED2C92835D00482AB7 /* PBXTargetDependency */,
			);
			name = iMarketTests;
			productName = iMarketTests;
			productReference = 7FF66BEB2C92835D00482AB7 /* iMarketTests.xctest */;
			productType = "com.apple.product-type.bundle.unit-test";
		};
		7FF66BF42C92835D00482AB7 /* iMarketUITests */ = {
			isa = PBXNativeTarget;
			buildConfigurationList = 7FF66C052C92835D00482AB7 /* Build configuration list for PBXNativeTarget "iMarketUITests" */;
			buildPhases = (
				7FF66BF12C92835D00482AB7 /* Sources */,
				7FF66BF22C92835D00482AB7 /* Frameworks */,
				7FF66BF32C92835D00482AB7 /* Resources */,
			);
			buildRules = (
			);
			dependencies = (
				7FF66BF72C92835D00482AB7 /* PBXTargetDependency */,
			);
			name = iMarketUITests;
			productName = iMarketUITests;
			productReference = 7FF66BF52C92835D00482AB7 /* iMarketUITests.xctest */;
			productType = "com.apple.product-type.bundle.ui-testing";
		};
/* End PBXNativeTarget section */

/* Begin PBXProject section */
		7FF66BD32C92835B00482AB7 /* Project object */ = {
			isa = PBXProject;
			attributes = {
				BuildIndependentTargetsInParallel = 1;
				LastSwiftUpdateCheck = 1540;
				LastUpgradeCheck = 1540;
				TargetAttributes = {
					7FF66BDA2C92835B00482AB7 = {
						CreatedOnToolsVersion = 15.4;
					};
					7FF66BEA2C92835D00482AB7 = {
						CreatedOnToolsVersion = 15.4;
						TestTargetID = 7FF66BDA2C92835B00482AB7;
					};
					7FF66BF42C92835D00482AB7 = {
						CreatedOnToolsVersion = 15.4;
						TestTargetID = 7FF66BDA2C92835B00482AB7;
					};
				};
			};
			buildConfigurationList = 7FF66BD62C92835B00482AB7 /* Build configuration list for PBXProject "iMarket" */;
			compatibilityVersion = "Xcode 14.0";
			developmentRegion = en;
			hasScannedForEncodings = 0;
			knownRegions = (
				en,
				Base,
			);
			mainGroup = 7FF66BD22C92835B00482AB7;
			productRefGroup = 7FF66BDC2C92835B00482AB7 /* Products */;
			projectDirPath = "";
			projectRoot = "";
			targets = (
				7FF66BDA2C92835B00482AB7 /* iMarket */,
				7FF66BEA2C92835D00482AB7 /* iMarketTests */,
				7FF66BF42C92835D00482AB7 /* iMarketUITests */,
			);
		};
/* End PBXProject section */

/* Begin PBXResourcesBuildPhase section */
		7FF66BD92C92835B00482AB7 /* Resources */ = {
			isa = PBXResourcesBuildPhase;
			buildActionMask = 2147483647;
			files = (
				7FF66BE62C92835D00482AB7 /* Preview Assets.xcassets in Resources */,
				7FF66BE32C92835D00482AB7 /* Assets.xcassets in Resources */,
			);
			runOnlyForDeploymentPostprocessing = 0;
		};
		7FF66BE92C92835D00482AB7 /* Resources */ = {
			isa = PBXResourcesBuildPhase;
			buildActionMask = 2147483647;
			files = (
			);
			runOnlyForDeploymentPostprocessing = 0;
		};
		7FF66BF32C92835D00482AB7 /* Resources */ = {
			isa = PBXResourcesBuildPhase;
			buildActionMask = 2147483647;
			files = (
			);
			runOnlyForDeploymentPostprocessing = 0;
		};
/* End PBXResourcesBuildPhase section */

/* Begin PBXSourcesBuildPhase section */
		7FF66BD72C92835B00482AB7 /* Sources */ = {
			isa = PBXSourcesBuildPhase;
			buildActionMask = 2147483647;
			files = (
				7FE30C552C93EE930011F8DE /* ReviewView.swift in Sources */,
				7FF66BE12C92835B00482AB7 /* ContentView.swift in Sources */,
				7FF66BDF2C92835B00482AB7 /* iMarketApp.swift in Sources */,
				7FE30C4F2C93C3EA0011F8DE /* FavoritesView.swift in Sources */,
				7FAD17142C93707200945AAF /* CartView.swift in Sources */,
				7FE30C532C93DE700011F8DE /* ProductView.swift in Sources */,
				7FE30C4D2C937FBB0011F8DE /* MainView.swift in Sources */,
				7FF66C092C929B0C00482AB7 /* ProductCard.swift in Sources */,
			);
			runOnlyForDeploymentPostprocessing = 0;
		};
		7FF66BE72C92835D00482AB7 /* Sources */ = {
			isa = PBXSourcesBuildPhase;
			buildActionMask = 2147483647;
			files = (
				7FF66BF02C92835D00482AB7 /* iMarketTests.swift in Sources */,
			);
			runOnlyForDeploymentPostprocessing = 0;
		};
		7FF66BF12C92835D00482AB7 /* Sources */ = {
			isa = PBXSourcesBuildPhase;
			buildActionMask = 2147483647;
			files = (
				7FF66BFC2C92835D00482AB7 /* iMarketUITestsLaunchTests.swift in Sources */,
				7FF66BFA2C92835D00482AB7 /* iMarketUITests.swift in Sources */,
			);
			runOnlyForDeploymentPostprocessing = 0;
		};
/* End PBXSourcesBuildPhase section */

/* Begin PBXTargetDependency section */
		7FF66BED2C92835D00482AB7 /* PBXTargetDependency */ = {
			isa = PBXTargetDependency;
			target = 7FF66BDA2C92835B00482AB7 /* iMarket */;
			targetProxy = 7FF66BEC2C92835D00482AB7 /* PBXContainerItemProxy */;
		};
		7FF66BF72C92835D00482AB7 /* PBXTargetDependency */ = {
			isa = PBXTargetDependency;
			target = 7FF66BDA2C92835B00482AB7 /* iMarket */;
			targetProxy = 7FF66BF62C92835D00482AB7 /* PBXContainerItemProxy */;
		};
/* End PBXTargetDependency section */

/* Begin XCBuildConfiguration section */
		7FF66BFD2C92835D00482AB7 /* Debug */ = {
			isa = XCBuildConfiguration;
			buildSettings = {
				ALWAYS_SEARCH_USER_PATHS = NO;
				ASSETCATALOG_COMPILER_GENERATE_SWIFT_ASSET_SYMBOL_EXTENSIONS = YES;
				CLANG_ANALYZER_NONNULL = YES;
				CLANG_ANALYZER_NUMBER_OBJECT_CONVERSION = YES_AGGRESSIVE;
				CLANG_CXX_LANGUAGE_STANDARD = "gnu++20";
				CLANG_ENABLE_MODULES = YES;
				CLANG_ENABLE_OBJC_ARC = YES;
				CLANG_ENABLE_OBJC_WEAK = YES;
				CLANG_WARN_BLOCK_CAPTURE_AUTORELEASING = YES;
				CLANG_WARN_BOOL_CONVERSION = YES;
				CLANG_WARN_COMMA = YES;
				CLANG_WARN_CONSTANT_CONVERSION = YES;
				CLANG_WARN_DEPRECATED_OBJC_IMPLEMENTATIONS = YES;
				CLANG_WARN_DIRECT_OBJC_ISA_USAGE = YES_ERROR;
				CLANG_WARN_DOCUMENTATION_COMMENTS = YES;
				CLANG_WARN_EMPTY_BODY = YES;
				CLANG_WARN_ENUM_CONVERSION = YES;
				CLANG_WARN_INFINITE_RECURSION = YES;
				CLANG_WARN_INT_CONVERSION = YES;
				CLANG_WARN_NON_LITERAL_NULL_CONVERSION = YES;
				CLANG_WARN_OBJC_IMPLICIT_RETAIN_SELF = YES;
				CLANG_WARN_OBJC_LITERAL_CONVERSION = YES;
				CLANG_WARN_OBJC_ROOT_CLASS = YES_ERROR;
				CLANG_WARN_QUOTED_INCLUDE_IN_FRAMEWORK_HEADER = YES;
				CLANG_WARN_RANGE_LOOP_ANALYSIS = YES;
				CLANG_WARN_STRICT_PROTOTYPES = YES;
				CLANG_WARN_SUSPICIOUS_MOVE = YES;
				CLANG_WARN_UNGUARDED_AVAILABILITY = YES_AGGRESSIVE;
				CLANG_WARN_UNREACHABLE_CODE = YES;
				CLANG_WARN__DUPLICATE_METHOD_MATCH = YES;
				COPY_PHASE_STRIP = NO;
				DEBUG_INFORMATION_FORMAT = dwarf;
				ENABLE_STRICT_OBJC_MSGSEND = YES;
				ENABLE_TESTABILITY = YES;
				ENABLE_USER_SCRIPT_SANDBOXING = YES;
				GCC_C_LANGUAGE_STANDARD = gnu17;
				GCC_DYNAMIC_NO_PIC = NO;
				GCC_NO_COMMON_BLOCKS = YES;
				GCC_OPTIMIZATION_LEVEL = 0;
				GCC_PREPROCESSOR_DEFINITIONS = (
					"DEBUG=1",
					"$(inherited)",
				);
				GCC_WARN_64_TO_32_BIT_CONVERSION = YES;
				GCC_WARN_ABOUT_RETURN_TYPE = YES_ERROR;
				GCC_WARN_UNDECLARED_SELECTOR = YES;
				GCC_WARN_UNINITIALIZED_AUTOS = YES_AGGRESSIVE;
				GCC_WARN_UNUSED_FUNCTION = YES;
				GCC_WARN_UNUSED_VARIABLE = YES;
				IPHONEOS_DEPLOYMENT_TARGET = 17.5;
				LOCALIZATION_PREFERS_STRING_CATALOGS = YES;
				MTL_ENABLE_DEBUG_INFO = INCLUDE_SOURCE;
				MTL_FAST_MATH = YES;
				ONLY_ACTIVE_ARCH = YES;
				SDKROOT = iphoneos;
				SWIFT_ACTIVE_COMPILATION_CONDITIONS = "DEBUG $(inherited)";
				SWIFT_OPTIMIZATION_LEVEL = "-Onone";
			};
			name = Debug;
		};
		7FF66BFE2C92835D00482AB7 /* Release */ = {
			isa = XCBuildConfiguration;
			buildSettings = {
				ALWAYS_SEARCH_USER_PATHS = NO;
				ASSETCATALOG_COMPILER_GENERATE_SWIFT_ASSET_SYMBOL_EXTENSIONS = YES;
				CLANG_ANALYZER_NONNULL = YES;
				CLANG_ANALYZER_NUMBER_OBJECT_CONVERSION = YES_AGGRESSIVE;
				CLANG_CXX_LANGUAGE_STANDARD = "gnu++20";
				CLANG_ENABLE_MODULES = YES;
				CLANG_ENABLE_OBJC_ARC = YES;
				CLANG_ENABLE_OBJC_WEAK = YES;
				CLANG_WARN_BLOCK_CAPTURE_AUTORELEASING = YES;
				CLANG_WARN_BOOL_CONVERSION = YES;
				CLANG_WARN_COMMA = YES;
				CLANG_WARN_CONSTANT_CONVERSION = YES;
				CLANG_WARN_DEPRECATED_OBJC_IMPLEMENTATIONS = YES;
				CLANG_WARN_DIRECT_OBJC_ISA_USAGE = YES_ERROR;
				CLANG_WARN_DOCUMENTATION_COMMENTS = YES;
				CLANG_WARN_EMPTY_BODY = YES;
				CLANG_WARN_ENUM_CONVERSION = YES;
				CLANG_WARN_INFINITE_RECURSION = YES;
				CLANG_WARN_INT_CONVERSION = YES;
				CLANG_WARN_NON_LITERAL_NULL_CONVERSION = YES;
				CLANG_WARN_OBJC_IMPLICIT_RETAIN_SELF = YES;
				CLANG_WARN_OBJC_LITERAL_CONVERSION = YES;
				CLANG_WARN_OBJC_ROOT_CLASS = YES_ERROR;
				CLANG_WARN_QUOTED_INCLUDE_IN_FRAMEWORK_HEADER = YES;
				CLANG_WARN_RANGE_LOOP_ANALYSIS = YES;
				CLANG_WARN_STRICT_PROTOTYPES = YES;
				CLANG_WARN_SUSPICIOUS_MOVE = YES;
				CLANG_WARN_UNGUARDED_AVAILABILITY = YES_AGGRESSIVE;
				CLANG_WARN_UNREACHABLE_CODE = YES;
				CLANG_WARN__DUPLICATE_METHOD_MATCH = YES;
				COPY_PHASE_STRIP = NO;
				DEBUG_INFORMATION_FORMAT = "dwarf-with-dsym";
				ENABLE_NS_ASSERTIONS = NO;
				ENABLE_STRICT_OBJC_MSGSEND = YES;
				ENABLE_USER_SCRIPT_SANDBOXING = YES;
				GCC_C_LANGUAGE_STANDARD = gnu17;
				GCC_NO_COMMON_BLOCKS = YES;
				GCC_WARN_64_TO_32_BIT_CONVERSION = YES;
				GCC_WARN_ABOUT_RETURN_TYPE = YES_ERROR;
				GCC_WARN_UNDECLARED_SELECTOR = YES;
				GCC_WARN_UNINITIALIZED_AUTOS = YES_AGGRESSIVE;
				GCC_WARN_UNUSED_FUNCTION = YES;
				GCC_WARN_UNUSED_VARIABLE = YES;
				IPHONEOS_DEPLOYMENT_TARGET = 17.5;
				LOCALIZATION_PREFERS_STRING_CATALOGS = YES;
				MTL_ENABLE_DEBUG_INFO = NO;
				MTL_FAST_MATH = YES;
				SDKROOT = iphoneos;
				SWIFT_COMPILATION_MODE = wholemodule;
				VALIDATE_PRODUCT = YES;
			};
			name = Release;
		};
		7FF66C002C92835D00482AB7 /* Debug */ = {
			isa = XCBuildConfiguration;
			buildSettings = {
				ASSETCATALOG_COMPILER_APPICON_NAME = AppIcon;
				ASSETCATALOG_COMPILER_GLOBAL_ACCENT_COLOR_NAME = AccentColor;
				CODE_SIGN_STYLE = Automatic;
				CURRENT_PROJECT_VERSION = 1;
				DEVELOPMENT_ASSET_PATHS = "\"iMarket/Preview Content\"";
				DEVELOPMENT_TEAM = P6CK44QPL3;
				ENABLE_PREVIEWS = YES;
				GENERATE_INFOPLIST_FILE = YES;
				INFOPLIST_KEY_UIApplicationSceneManifest_Generation = YES;
				INFOPLIST_KEY_UIApplicationSupportsIndirectInputEvents = YES;
				INFOPLIST_KEY_UILaunchScreen_Generation = YES;
				INFOPLIST_KEY_UISupportedInterfaceOrientations_iPad = "UIInterfaceOrientationPortrait UIInterfaceOrientationPortraitUpsideDown UIInterfaceOrientationLandscapeLeft UIInterfaceOrientationLandscapeRight";
				INFOPLIST_KEY_UISupportedInterfaceOrientations_iPhone = "UIInterfaceOrientationPortrait UIInterfaceOrientationLandscapeLeft UIInterfaceOrientationLandscapeRight";
				LD_RUNPATH_SEARCH_PATHS = (
					"$(inherited)",
					"@executable_path/Frameworks",
				);
				MARKETING_VERSION = 1.0;
				PRODUCT_BUNDLE_IDENTIFIER = Pranav.iMarket;
				PRODUCT_NAME = "$(TARGET_NAME)";
				SWIFT_EMIT_LOC_STRINGS = YES;
				SWIFT_VERSION = 5.0;
				TARGETED_DEVICE_FAMILY = "1,2";
			};
			name = Debug;
		};
		7FF66C012C92835D00482AB7 /* Release */ = {
			isa = XCBuildConfiguration;
			buildSettings = {
				ASSETCATALOG_COMPILER_APPICON_NAME = AppIcon;
				ASSETCATALOG_COMPILER_GLOBAL_ACCENT_COLOR_NAME = AccentColor;
				CODE_SIGN_STYLE = Automatic;
				CURRENT_PROJECT_VERSION = 1;
				DEVELOPMENT_ASSET_PATHS = "\"iMarket/Preview Content\"";
				DEVELOPMENT_TEAM = P6CK44QPL3;
				ENABLE_PREVIEWS = YES;
				GENERATE_INFOPLIST_FILE = YES;
				INFOPLIST_KEY_UIApplicationSceneManifest_Generation = YES;
				INFOPLIST_KEY_UIApplicationSupportsIndirectInputEvents = YES;
				INFOPLIST_KEY_UILaunchScreen_Generation = YES;
				INFOPLIST_KEY_UISupportedInterfaceOrientations_iPad = "UIInterfaceOrientationPortrait UIInterfaceOrientationPortraitUpsideDown UIInterfaceOrientationLandscapeLeft UIInterfaceOrientationLandscapeRight";
				INFOPLIST_KEY_UISupportedInterfaceOrientations_iPhone = "UIInterfaceOrientationPortrait UIInterfaceOrientationLandscapeLeft UIInterfaceOrientationLandscapeRight";
				LD_RUNPATH_SEARCH_PATHS = (
					"$(inherited)",
					"@executable_path/Frameworks",
				);
				MARKETING_VERSION = 1.0;
				PRODUCT_BUNDLE_IDENTIFIER = Pranav.iMarket;
				PRODUCT_NAME = "$(TARGET_NAME)";
				SWIFT_EMIT_LOC_STRINGS = YES;
				SWIFT_VERSION = 5.0;
				TARGETED_DEVICE_FAMILY = "1,2";
			};
			name = Release;
		};
		7FF66C032C92835D00482AB7 /* Debug */ = {
			isa = XCBuildConfiguration;
			buildSettings = {
				ALWAYS_EMBED_SWIFT_STANDARD_LIBRARIES = YES;
				BUNDLE_LOADER = "$(TEST_HOST)";
				CODE_SIGN_STYLE = Automatic;
				CURRENT_PROJECT_VERSION = 1;
				DEVELOPMENT_TEAM = P6CK44QPL3;
				GENERATE_INFOPLIST_FILE = YES;
				IPHONEOS_DEPLOYMENT_TARGET = 17.5;
				MARKETING_VERSION = 1.0;
				PRODUCT_BUNDLE_IDENTIFIER = Pranav.iMarketTests;
				PRODUCT_NAME = "$(TARGET_NAME)";
				SWIFT_EMIT_LOC_STRINGS = NO;
				SWIFT_VERSION = 5.0;
				TARGETED_DEVICE_FAMILY = "1,2";
				TEST_HOST = "$(BUILT_PRODUCTS_DIR)/iMarket.app/$(BUNDLE_EXECUTABLE_FOLDER_PATH)/iMarket";
			};
			name = Debug;
		};
		7FF66C042C92835D00482AB7 /* Release */ = {
			isa = XCBuildConfiguration;
			buildSettings = {
				ALWAYS_EMBED_SWIFT_STANDARD_LIBRARIES = YES;
				BUNDLE_LOADER = "$(TEST_HOST)";
				CODE_SIGN_STYLE = Automatic;
				CURRENT_PROJECT_VERSION = 1;
				DEVELOPMENT_TEAM = P6CK44QPL3;
				GENERATE_INFOPLIST_FILE = YES;
				IPHONEOS_DEPLOYMENT_TARGET = 17.5;
				MARKETING_VERSION = 1.0;
				PRODUCT_BUNDLE_IDENTIFIER = Pranav.iMarketTests;
				PRODUCT_NAME = "$(TARGET_NAME)";
				SWIFT_EMIT_LOC_STRINGS = NO;
				SWIFT_VERSION = 5.0;
				TARGETED_DEVICE_FAMILY = "1,2";
				TEST_HOST = "$(BUILT_PRODUCTS_DIR)/iMarket.app/$(BUNDLE_EXECUTABLE_FOLDER_PATH)/iMarket";
			};
			name = Release;
		};
		7FF66C062C92835D00482AB7 /* Debug */ = {
			isa = XCBuildConfiguration;
			buildSettings = {
				ALWAYS_EMBED_SWIFT_STANDARD_LIBRARIES = YES;
				CODE_SIGN_STYLE = Automatic;
				CURRENT_PROJECT_VERSION = 1;
				DEVELOPMENT_TEAM = P6CK44QPL3;
				GENERATE_INFOPLIST_FILE = YES;
				MARKETING_VERSION = 1.0;
				PRODUCT_BUNDLE_IDENTIFIER = Pranav.iMarketUITests;
				PRODUCT_NAME = "$(TARGET_NAME)";
				SWIFT_EMIT_LOC_STRINGS = NO;
				SWIFT_VERSION = 5.0;
				TARGETED_DEVICE_FAMILY = "1,2";
				TEST_TARGET_NAME = iMarket;
			};
			name = Debug;
		};
		7FF66C072C92835D00482AB7 /* Release */ = {
			isa = XCBuildConfiguration;
			buildSettings = {
				ALWAYS_EMBED_SWIFT_STANDARD_LIBRARIES = YES;
				CODE_SIGN_STYLE = Automatic;
				CURRENT_PROJECT_VERSION = 1;
				DEVELOPMENT_TEAM = P6CK44QPL3;
				GENERATE_INFOPLIST_FILE = YES;
				MARKETING_VERSION = 1.0;
				PRODUCT_BUNDLE_IDENTIFIER = Pranav.iMarketUITests;
				PRODUCT_NAME = "$(TARGET_NAME)";
				SWIFT_EMIT_LOC_STRINGS = NO;
				SWIFT_VERSION = 5.0;
				TARGETED_DEVICE_FAMILY = "1,2";
				TEST_TARGET_NAME = iMarket;
			};
			name = Release;
		};
/* End XCBuildConfiguration section */

/* Begin XCConfigurationList section */
		7FF66BD62C92835B00482AB7 /* Build configuration list for PBXProject "iMarket" */ = {
			isa = XCConfigurationList;
			buildConfigurations = (
				7FF66BFD2C92835D00482AB7 /* Debug */,
				7FF66BFE2C92835D00482AB7 /* Release */,
			);
			defaultConfigurationIsVisible = 0;
			defaultConfigurationName = Release;
		};
		7FF66BFF2C92835D00482AB7 /* Build configuration list for PBXNativeTarget "iMarket" */ = {
			isa = XCConfigurationList;
			buildConfigurations = (
				7FF66C002C92835D00482AB7 /* Debug */,
				7FF66C012C92835D00482AB7 /* Release */,
			);
			defaultConfigurationIsVisible = 0;
			defaultConfigurationName = Release;
		};
		7FF66C022C92835D00482AB7 /* Build configuration list for PBXNativeTarget "iMarketTests" */ = {
			isa = XCConfigurationList;
			buildConfigurations = (
				7FF66C032C92835D00482AB7 /* Debug */,
				7FF66C042C92835D00482AB7 /* Release */,
			);
			defaultConfigurationIsVisible = 0;
			defaultConfigurationName = Release;
		};
		7FF66C052C92835D00482AB7 /* Build configuration list for PBXNativeTarget "iMarketUITests" */ = {
			isa = XCConfigurationList;
			buildConfigurations = (
				7FF66C062C92835D00482AB7 /* Debug */,
				7FF66C072C92835D00482AB7 /* Release */,
			);
			defaultConfigurationIsVisible = 0;
			defaultConfigurationName = Release;
		};
/* End XCConfigurationList section */
	};
	rootObject = 7FF66BD32C92835B00482AB7 /* Project object */;
}
